
Microsoft Visual Studio Solution File, Format Version 12.00
# Visual Studio 15
VisualStudioVersion = 15.0.27004.2008
MinimumVisualStudioVersion = 10.0.40219.1
Project("{8BC9CEB8-8B4A-11D0-8D11-00A0C91BC942}") = "ColorEnhancementCPU", "ColorEnhancementCPU\ColorEnhancementCPU.vcxproj", "{9B25F533-051A-4A08-AE41-3AC8D807A654}"
EndProject
Global
	GlobalSection(SolutionConfigurationPlatforms) = preSolution
		Debug|x64 = Debug|x64
		Release|x64 = Release|x64
	EndGlobalSection
	GlobalSection(ProjectConfigurationPlatforms) = postSolution
		{9B25F533-051A-4A08-AE41-3AC8D807A654}.Debug|x64.ActiveCfg = Debug|x64
		{9B25F533-051A-4A08-AE41-3AC8D807A654}.Debug|x64.Build.0 = Debug|x64
		{9B25F533-051A-4A08-AE41-3AC8D807A654}.Release|x64.ActiveCfg = Release|x64
		{9B25F533-051A-4A08-AE41-3AC8D807A654}.Release|x64.Build.0 = Release|x64
	EndGlobalSection
	GlobalSection(SolutionProperties) = preSolution
		HideSolutionNode = FALSE
	EndGlobalSection
	GlobalSection(ExtensibilityGlobals) = postSolution
		SolutionGuid = {EBF345E9-07BA-45C2-A2D3-6BAB2E10C509}
	EndGlobalSection
EndGlobal
